// !$*UTF8*$!
{
	archiveVersion = 1;
	classes = {
	};
	objectVersion = 55;
	objects = {

/* Begin PBXBuildFile section */
		104412BE298298F000594CCD /* AppDelegate.swift in Sources */ = {isa = PBXBuildFile; fileRef = 104412BD298298F000594CCD /* AppDelegate.swift */; };
		104412C0298298F000594CCD /* SceneDelegate.swift in Sources */ = {isa = PBXBuildFile; fileRef = 104412BF298298F000594CCD /* SceneDelegate.swift */; };
		104412C5298298F000594CCD /* Main.storyboard in Resources */ = {isa = PBXBuildFile; fileRef = 104412C3298298F000594CCD /* Main.storyboard */; };
		104412C7298298F100594CCD /* Assets.xcassets in Resources */ = {isa = PBXBuildFile; fileRef = 104412C6298298F100594CCD /* Assets.xcassets */; };
		104412CA298298F100594CCD /* LaunchScreen.storyboard in Resources */ = {isa = PBXBuildFile; fileRef = 104412C8298298F100594CCD /* LaunchScreen.storyboard */; };
		104412D229829E1000594CCD /* HomeViewController.swift in Sources */ = {isa = PBXBuildFile; fileRef = 104412D129829E1000594CCD /* HomeViewController.swift */; };
		104412D52982B00000594CCD /* HomeTabViewController.swift in Sources */ = {isa = PBXBuildFile; fileRef = 104412D42982B00000594CCD /* HomeTabViewController.swift */; };
		104412D72982B00E00594CCD /* TVShowsViewController.swift in Sources */ = {isa = PBXBuildFile; fileRef = 104412D62982B00E00594CCD /* TVShowsViewController.swift */; };
		104412DB2982B6A100594CCD /* MoviesTabViewController.swift in Sources */ = {isa = PBXBuildFile; fileRef = 104412DA2982B6A100594CCD /* MoviesTabViewController.swift */; };
		104412DD2982B6AB00594CCD /* KidsTabViewController.swift in Sources */ = {isa = PBXBuildFile; fileRef = 104412DC2982B6AB00594CCD /* KidsTabViewController.swift */; };
		1071C2702985961F00AC0039 /* ImageSliderCellCollectionViewCell.swift in Sources */ = {isa = PBXBuildFile; fileRef = 1071C26F2985961F00AC0039 /* ImageSliderCellCollectionViewCell.swift */; };
		1075F3BF2987038700F70447 /* TurkishSeriesCollectionViewCell.swift in Sources */ = {isa = PBXBuildFile; fileRef = 1075F3BE2987038700F70447 /* TurkishSeriesCollectionViewCell.swift */; };
		1075F3C1298705FD00F70447 /* RecommendedMoviesCollectionViewCell.swift in Sources */ = {isa = PBXBuildFile; fileRef = 1075F3C0298705FD00F70447 /* RecommendedMoviesCollectionViewCell.swift */; };
		10A62C202986B4D100261ADB /* ContinueWatchCollectionViewCell.swift in Sources */ = {isa = PBXBuildFile; fileRef = 10A62C1F2986B4D100261ADB /* ContinueWatchCollectionViewCell.swift */; };
		10A62C222986C21100261ADB /* AmazonOriginalsCollectionViewCell.swift in Sources */ = {isa = PBXBuildFile; fileRef = 10A62C212986C21100261ADB /* AmazonOriginalsCollectionViewCell.swift */; };
		10A62C242986C8B800261ADB /* extensions.swift in Sources */ = {isa = PBXBuildFile; fileRef = 10A62C232986C8B800261ADB /* extensions.swift */; };
		815C2FD64A73E35C29AA411D /* Pods_PrimeVideoDesign.framework in Frameworks */ = {isa = PBXBuildFile; fileRef = 2F9C7143B75835F7F9CCE3BE /* Pods_PrimeVideoDesign.framework */; };
/* End PBXBuildFile section */

/* Begin PBXFileReference section */
		104412BA298298F000594CCD /* PrimeVideoDesign.app */ = {isa = PBXFileReference; explicitFileType = wrapper.application; includeInIndex = 0; path = PrimeVideoDesign.app; sourceTree = BUILT_PRODUCTS_DIR; };
		104412BD298298F000594CCD /* AppDelegate.swift */ = {isa = PBXFileReference; lastKnownFileType = sourcecode.swift; path = AppDelegate.swift; sourceTree = "<group>"; };
		104412BF298298F000594CCD /* SceneDelegate.swift */ = {isa = PBXFileReference; lastKnownFileType = sourcecode.swift; path = SceneDelegate.swift; sourceTree = "<group>"; };
		104412C4298298F000594CCD /* Base */ = {isa = PBXFileReference; lastKnownFileType = file.storyboard; name = Base; path = Base.lproj/Main.storyboard; sourceTree = "<group>"; };
		104412C6298298F100594CCD /* Assets.xcassets */ = {isa = PBXFileReference; lastKnownFileType = folder.assetcatalog; path = Assets.xcassets; sourceTree = "<group>"; };
		104412C9298298F100594CCD /* Base */ = {isa = PBXFileReference; lastKnownFileType = file.storyboard; name = Base; path = Base.lproj/LaunchScreen.storyboard; sourceTree = "<group>"; };
		104412CB298298F100594CCD /* Info.plist */ = {isa = PBXFileReference; lastKnownFileType = text.plist.xml; path = Info.plist; sourceTree = "<group>"; };
		104412D129829E1000594CCD /* HomeViewController.swift */ = {isa = PBXFileReference; lastKnownFileType = sourcecode.swift; path = HomeViewController.swift; sourceTree = "<group>"; };
		104412D42982B00000594CCD /* HomeTabViewController.swift */ = {isa = PBXFileReference; lastKnownFileType = sourcecode.swift; path = HomeTabViewController.swift; sourceTree = "<group>"; };
		104412D62982B00E00594CCD /* TVShowsViewController.swift */ = {isa = PBXFileReference; lastKnownFileType = sourcecode.swift; path = TVShowsViewController.swift; sourceTree = "<group>"; };
		104412DA2982B6A100594CCD /* MoviesTabViewController.swift */ = {isa = PBXFileReference; lastKnownFileType = sourcecode.swift; path = MoviesTabViewController.swift; sourceTree = "<group>"; };
		104412DC2982B6AB00594CCD /* KidsTabViewController.swift */ = {isa = PBXFileReference; lastKnownFileType = sourcecode.swift; path = KidsTabViewController.swift; sourceTree = "<group>"; };
		1071C26F2985961F00AC0039 /* ImageSliderCellCollectionViewCell.swift */ = {isa = PBXFileReference; lastKnownFileType = sourcecode.swift; path = ImageSliderCellCollectionViewCell.swift; sourceTree = "<group>"; };
		1075F3BE2987038700F70447 /* TurkishSeriesCollectionViewCell.swift */ = {isa = PBXFileReference; lastKnownFileType = sourcecode.swift; path = TurkishSeriesCollectionViewCell.swift; sourceTree = "<group>"; };
		1075F3C0298705FD00F70447 /* RecommendedMoviesCollectionViewCell.swift */ = {isa = PBXFileReference; lastKnownFileType = sourcecode.swift; path = RecommendedMoviesCollectionViewCell.swift; sourceTree = "<group>"; };
		10A62C1F2986B4D100261ADB /* ContinueWatchCollectionViewCell.swift */ = {isa = PBXFileReference; lastKnownFileType = sourcecode.swift; path = ContinueWatchCollectionViewCell.swift; sourceTree = "<group>"; };
		10A62C212986C21100261ADB /* AmazonOriginalsCollectionViewCell.swift */ = {isa = PBXFileReference; lastKnownFileType = sourcecode.swift; path = AmazonOriginalsCollectionViewCell.swift; sourceTree = "<group>"; };
		10A62C232986C8B800261ADB /* extensions.swift */ = {isa = PBXFileReference; lastKnownFileType = sourcecode.swift; path = extensions.swift; sourceTree = "<group>"; };
		2F9C7143B75835F7F9CCE3BE /* Pods_PrimeVideoDesign.framework */ = {isa = PBXFileReference; explicitFileType = wrapper.framework; includeInIndex = 0; path = Pods_PrimeVideoDesign.framework; sourceTree = BUILT_PRODUCTS_DIR; };
		56290163A864C70DD54C6D37 /* Pods-PrimeVideoDesign.debug.xcconfig */ = {isa = PBXFileReference; includeInIndex = 1; lastKnownFileType = text.xcconfig; name = "Pods-PrimeVideoDesign.debug.xcconfig"; path = "Target Support Files/Pods-PrimeVideoDesign/Pods-PrimeVideoDesign.debug.xcconfig"; sourceTree = "<group>"; };
		EB7BB5C566FB7F2963D9CCF3 /* Pods-PrimeVideoDesign.release.xcconfig */ = {isa = PBXFileReference; includeInIndex = 1; lastKnownFileType = text.xcconfig; name = "Pods-PrimeVideoDesign.release.xcconfig"; path = "Target Support Files/Pods-PrimeVideoDesign/Pods-PrimeVideoDesign.release.xcconfig"; sourceTree = "<group>"; };
/* End PBXFileReference section */

/* Begin PBXFrameworksBuildPhase section */
		104412B7298298F000594CCD /* Frameworks */ = {
			isa = PBXFrameworksBuildPhase;
			buildActionMask = 2147483647;
			files = (
				815C2FD64A73E35C29AA411D /* Pods_PrimeVideoDesign.framework in Frameworks */,
			);
			runOnlyForDeploymentPostprocessing = 0;
		};
/* End PBXFrameworksBuildPhase section */

/* Begin PBXGroup section */
		104412B1298298F000594CCD = {
			isa = PBXGroup;
			children = (
				104412BC298298F000594CCD /* PrimeVideoDesign */,
				104412BB298298F000594CCD /* Products */,
				7D84B3273C0B53A7B43AB9B5 /* Pods */,
				B1DDDCF45D1A6BF2079794D1 /* Frameworks */,
			);
			sourceTree = "<group>";
		};
		104412BB298298F000594CCD /* Products */ = {
			isa = PBXGroup;
			children = (
				104412BA298298F000594CCD /* PrimeVideoDesign.app */,
			);
			name = Products;
			sourceTree = "<group>";
		};
		104412BC298298F000594CCD /* PrimeVideoDesign */ = {
			isa = PBXGroup;
			children = (
				104412D32982AFE600594CCD /* TabControllers */,
				104412BD298298F000594CCD /* AppDelegate.swift */,
				104412BF298298F000594CCD /* SceneDelegate.swift */,
				104412D129829E1000594CCD /* HomeViewController.swift */,
				104412C3298298F000594CCD /* Main.storyboard */,
				104412C6298298F100594CCD /* Assets.xcassets */,
				104412C8298298F100594CCD /* LaunchScreen.storyboard */,
				104412CB298298F100594CCD /* Info.plist */,
				1071C26F2985961F00AC0039 /* ImageSliderCellCollectionViewCell.swift */,
				10A62C1F2986B4D100261ADB /* ContinueWatchCollectionViewCell.swift */,
				10A62C212986C21100261ADB /* AmazonOriginalsCollectionViewCell.swift */,
				1075F3BE2987038700F70447 /* TurkishSeriesCollectionViewCell.swift */,
				1075F3C0298705FD00F70447 /* RecommendedMoviesCollectionViewCell.swift */,
				10A62C232986C8B800261ADB /* extensions.swift */,
			);
			path = PrimeVideoDesign;
			sourceTree = "<group>";
		};
		104412D32982AFE600594CCD /* TabControllers */ = {
			isa = PBXGroup;
			children = (
				104412D42982B00000594CCD /* HomeTabViewController.swift */,
				104412D62982B00E00594CCD /* TVShowsViewController.swift */,
				104412DA2982B6A100594CCD /* MoviesTabViewController.swift */,
				104412DC2982B6AB00594CCD /* KidsTabViewController.swift */,
			);
			path = TabControllers;
			sourceTree = "<group>";
		};
		7D84B3273C0B53A7B43AB9B5 /* Pods */ = {
			isa = PBXGroup;
			children = (
				56290163A864C70DD54C6D37 /* Pods-PrimeVideoDesign.debug.xcconfig */,
				EB7BB5C566FB7F2963D9CCF3 /* Pods-PrimeVideoDesign.release.xcconfig */,
			);
			path = Pods;
			sourceTree = "<group>";
		};
		B1DDDCF45D1A6BF2079794D1 /* Frameworks */ = {
			isa = PBXGroup;
			children = (
				2F9C7143B75835F7F9CCE3BE /* Pods_PrimeVideoDesign.framework */,
			);
			name = Frameworks;
			sourceTree = "<group>";
		};
/* End PBXGroup section */

/* Begin PBXNativeTarget section */
		104412B9298298F000594CCD /* PrimeVideoDesign */ = {
			isa = PBXNativeTarget;
			buildConfigurationList = 104412CE298298F100594CCD /* Build configuration list for PBXNativeTarget "PrimeVideoDesign" */;
			buildPhases = (
				1CB11D690B9BC80033C7BB25 /* [CP] Check Pods Manifest.lock */,
				104412B6298298F000594CCD /* Sources */,
				104412B7298298F000594CCD /* Frameworks */,
				104412B8298298F000594CCD /* Resources */,
				77824822576228980DA513EF /* [CP] Embed Pods Frameworks */,
			);
			buildRules = (
			);
			dependencies = (
			);
			name = PrimeVideoDesign;
			productName = PrimeVideoDesign;
			productReference = 104412BA298298F000594CCD /* PrimeVideoDesign.app */;
			productType = "com.apple.product-type.application";
		};
/* End PBXNativeTarget section */

/* Begin PBXProject section */
		104412B2298298F000594CCD /* Project object */ = {
			isa = PBXProject;
			attributes = {
				BuildIndependentTargetsInParallel = 1;
				LastSwiftUpdateCheck = 1420;
				LastUpgradeCheck = 1420;
				TargetAttributes = {
					104412B9298298F000594CCD = {
						CreatedOnToolsVersion = 14.2;
					};
				};
			};
			buildConfigurationList = 104412B5298298F000594CCD /* Build configuration list for PBXProject "PrimeVideoDesign" */;
			compatibilityVersion = "Xcode 13.0";
			developmentRegion = en;
			hasScannedForEncodings = 0;
			knownRegions = (
				en,
				Base,
			);
			mainGroup = 104412B1298298F000594CCD;
			productRefGroup = 104412BB298298F000594CCD /* Products */;
			projectDirPath = "";
			projectRoot = "";
			targets = (
				104412B9298298F000594CCD /* PrimeVideoDesign */,
			);
		};
/* End PBXProject section */

/* Begin PBXResourcesBuildPhase section */
		104412B8298298F000594CCD /* Resources */ = {
			isa = PBXResourcesBuildPhase;
			buildActionMask = 2147483647;
			files = (
				104412CA298298F100594CCD /* LaunchScreen.storyboard in Resources */,
				104412C7298298F100594CCD /* Assets.xcassets in Resources */,
				104412C5298298F000594CCD /* Main.storyboard in Resources */,
			);
			runOnlyForDeploymentPostprocessing = 0;
		};
/* End PBXResourcesBuildPhase section */

/* Begin PBXShellScriptBuildPhase section */
		1CB11D690B9BC80033C7BB25 /* [CP] Check Pods Manifest.lock */ = {
			isa = PBXShellScriptBuildPhase;
			buildActionMask = 2147483647;
			files = (
			);
			inputFileListPaths = (
			);
			inputPaths = (
				"${PODS_PODFILE_DIR_PATH}/Podfile.lock",
				"${PODS_ROOT}/Manifest.lock",
			);
			name = "[CP] Check Pods Manifest.lock";
			outputFileListPaths = (
			);
			outputPaths = (
				"$(DERIVED_FILE_DIR)/Pods-PrimeVideoDesign-checkManifestLockResult.txt",
			);
			runOnlyForDeploymentPostprocessing = 0;
			shellPath = /bin/sh;
			shellScript = "diff \"${PODS_PODFILE_DIR_PATH}/Podfile.lock\" \"${PODS_ROOT}/Manifest.lock\" > /dev/null\nif [ $? != 0 ] ; then\n    # print error to STDERR\n    echo \"error: The sandbox is not in sync with the Podfile.lock. Run 'pod install' or update your CocoaPods installation.\" >&2\n    exit 1\nfi\n# This output is used by Xcode 'outputs' to avoid re-running this script phase.\necho \"SUCCESS\" > \"${SCRIPT_OUTPUT_FILE_0}\"\n";
			showEnvVarsInLog = 0;
		};
		77824822576228980DA513EF /* [CP] Embed Pods Frameworks */ = {
			isa = PBXShellScriptBuildPhase;
			buildActionMask = 2147483647;
			files = (
			);
			inputFileListPaths = (
				"${PODS_ROOT}/Target Support Files/Pods-PrimeVideoDesign/Pods-PrimeVideoDesign-frameworks-${CONFIGURATION}-input-files.xcfilelist",
			);
			name = "[CP] Embed Pods Frameworks";
			outputFileListPaths = (
				"${PODS_ROOT}/Target Support Files/Pods-PrimeVideoDesign/Pods-PrimeVideoDesign-frameworks-${CONFIGURATION}-output-files.xcfilelist",
			);
			runOnlyForDeploymentPostprocessing = 0;
			shellPath = /bin/sh;
			shellScript = "\"${PODS_ROOT}/Target Support Files/Pods-PrimeVideoDesign/Pods-PrimeVideoDesign-frameworks.sh\"\n";
			showEnvVarsInLog = 0;
		};
/* End PBXShellScriptBuildPhase section */

/* Begin PBXSourcesBuildPhase section */
		104412B6298298F000594CCD /* Sources */ = {
			isa = PBXSourcesBuildPhase;
			buildActionMask = 2147483647;
			files = (
				1075F3C1298705FD00F70447 /* RecommendedMoviesCollectionViewCell.swift in Sources */,
				104412DB2982B6A100594CCD /* MoviesTabViewController.swift in Sources */,
				104412D229829E1000594CCD /* HomeViewController.swift in Sources */,
				10A62C202986B4D100261ADB /* ContinueWatchCollectionViewCell.swift in Sources */,
				10A62C242986C8B800261ADB /* extensions.swift in Sources */,
				10A62C222986C21100261ADB /* AmazonOriginalsCollectionViewCell.swift in Sources */,
				104412D52982B00000594CCD /* HomeTabViewController.swift in Sources */,
				104412BE298298F000594CCD /* AppDelegate.swift in Sources */,
				104412D72982B00E00594CCD /* TVShowsViewController.swift in Sources */,
				1075F3BF2987038700F70447 /* TurkishSeriesCollectionViewCell.swift in Sources */,
				104412C0298298F000594CCD /* SceneDelegate.swift in Sources */,
				104412DD2982B6AB00594CCD /* KidsTabViewController.swift in Sources */,
				1071C2702985961F00AC0039 /* ImageSliderCellCollectionViewCell.swift in Sources */,
			);
			runOnlyForDeploymentPostprocessing = 0;
		};
/* End PBXSourcesBuildPhase section */

/* Begin PBXVariantGroup section */
		104412C3298298F000594CCD /* Main.storyboard */ = {
			isa = PBXVariantGroup;
			children = (
				104412C4298298F000594CCD /* Base */,
			);
			name = Main.storyboard;
			sourceTree = "<group>";
		};
		104412C8298298F100594CCD /* LaunchScreen.storyboard */ = {
			isa = PBXVariantGroup;
			children = (
				104412C9298298F100594CCD /* Base */,
			);
			name = LaunchScreen.storyboard;
			sourceTree = "<group>";
		};
/* End PBXVariantGroup section */

/* Begin XCBuildConfiguration section */
		104412CC298298F100594CCD /* Debug */ = {
			isa = XCBuildConfiguration;
			buildSettings = {
				ALWAYS_SEARCH_USER_PATHS = NO;
				CLANG_ANALYZER_NONNULL = YES;
				CLANG_ANALYZER_NUMBER_OBJECT_CONVERSION = YES_AGGRESSIVE;
				CLANG_CXX_LANGUAGE_STANDARD = "gnu++20";
				CLANG_ENABLE_MODULES = YES;
				CLANG_ENABLE_OBJC_ARC = YES;
				CLANG_ENABLE_OBJC_WEAK = YES;
				CLANG_WARN_BLOCK_CAPTURE_AUTORELEASING = YES;
				CLANG_WARN_BOOL_CONVERSION = YES;
				CLANG_WARN_COMMA = YES;
				CLANG_WARN_CONSTANT_CONVERSION = YES;
				CLANG_WARN_DEPRECATED_OBJC_IMPLEMENTATIONS = YES;
				CLANG_WARN_DIRECT_OBJC_ISA_USAGE = YES_ERROR;
				CLANG_WARN_DOCUMENTATION_COMMENTS = YES;
				CLANG_WARN_EMPTY_BODY = YES;
				CLANG_WARN_ENUM_CONVERSION = YES;
				CLANG_WARN_INFINITE_RECURSION = YES;
				CLANG_WARN_INT_CONVERSION = YES;
				CLANG_WARN_NON_LITERAL_NULL_CONVERSION = YES;
				CLANG_WARN_OBJC_IMPLICIT_RETAIN_SELF = YES;
				CLANG_WARN_OBJC_LITERAL_CONVERSION = YES;
				CLANG_WARN_OBJC_ROOT_CLASS = YES_ERROR;
				CLANG_WARN_QUOTED_INCLUDE_IN_FRAMEWORK_HEADER = YES;
				CLANG_WARN_RANGE_LOOP_ANALYSIS = YES;
				CLANG_WARN_STRICT_PROTOTYPES = YES;
				CLANG_WARN_SUSPICIOUS_MOVE = YES;
				CLANG_WARN_UNGUARDED_AVAILABILITY = YES_AGGRESSIVE;
				CLANG_WARN_UNREACHABLE_CODE = YES;
				CLANG_WARN__DUPLICATE_METHOD_MATCH = YES;
				COPY_PHASE_STRIP = NO;
				DEBUG_INFORMATION_FORMAT = dwarf;
				ENABLE_STRICT_OBJC_MSGSEND = YES;
				ENABLE_TESTABILITY = YES;
				GCC_C_LANGUAGE_STANDARD = gnu11;
				GCC_DYNAMIC_NO_PIC = NO;
				GCC_NO_COMMON_BLOCKS = YES;
				GCC_OPTIMIZATION_LEVEL = 0;
				GCC_PREPROCESSOR_DEFINITIONS = (
					"DEBUG=1",
					"$(inherited)",
				);
				GCC_WARN_64_TO_32_BIT_CONVERSION = YES;
				GCC_WARN_ABOUT_RETURN_TYPE = YES_ERROR;
				GCC_WARN_UNDECLARED_SELECTOR = YES;
				GCC_WARN_UNINITIALIZED_AUTOS = YES_AGGRESSIVE;
				GCC_WARN_UNUSED_FUNCTION = YES;
				GCC_WARN_UNUSED_VARIABLE = YES;
				IPHONEOS_DEPLOYMENT_TARGET = 16.2;
				MTL_ENABLE_DEBUG_INFO = INCLUDE_SOURCE;
				MTL_FAST_MATH = YES;
				ONLY_ACTIVE_ARCH = YES;
				SDKROOT = iphoneos;
				SWIFT_ACTIVE_COMPILATION_CONDITIONS = DEBUG;
				SWIFT_OPTIMIZATION_LEVEL = "-Onone";
			};
			name = Debug;
		};
		104412CD298298F100594CCD /* Release */ = {
			isa = XCBuildConfiguration;
			buildSettings = {
				ALWAYS_SEARCH_USER_PATHS = NO;
				CLANG_ANALYZER_NONNULL = YES;
				CLANG_ANALYZER_NUMBER_OBJECT_CONVERSION = YES_AGGRESSIVE;
				CLANG_CXX_LANGUAGE_STANDARD = "gnu++20";
				CLANG_ENABLE_MODULES = YES;
				CLANG_ENABLE_OBJC_ARC = YES;
				CLANG_ENABLE_OBJC_WEAK = YES;
				CLANG_WARN_BLOCK_CAPTURE_AUTORELEASING = YES;
				CLANG_WARN_BOOL_CONVERSION = YES;
				CLANG_WARN_COMMA = YES;
				CLANG_WARN_CONSTANT_CONVERSION = YES;
				CLANG_WARN_DEPRECATED_OBJC_IMPLEMENTATIONS = YES;
				CLANG_WARN_DIRECT_OBJC_ISA_USAGE = YES_ERROR;
				CLANG_WARN_DOCUMENTATION_COMMENTS = YES;
				CLANG_WARN_EMPTY_BODY = YES;
				CLANG_WARN_ENUM_CONVERSION = YES;
				CLANG_WARN_INFINITE_RECURSION = YES;
				CLANG_WARN_INT_CONVERSION = YES;
				CLANG_WARN_NON_LITERAL_NULL_CONVERSION = YES;
				CLANG_WARN_OBJC_IMPLICIT_RETAIN_SELF = YES;
				CLANG_WARN_OBJC_LITERAL_CONVERSION = YES;
				CLANG_WARN_OBJC_ROOT_CLASS = YES_ERROR;
				CLANG_WARN_QUOTED_INCLUDE_IN_FRAMEWORK_HEADER = YES;
				CLANG_WARN_RANGE_LOOP_ANALYSIS = YES;
				CLANG_WARN_STRICT_PROTOTYPES = YES;
				CLANG_WARN_SUSPICIOUS_MOVE = YES;
				CLANG_WARN_UNGUARDED_AVAILABILITY = YES_AGGRESSIVE;
				CLANG_WARN_UNREACHABLE_CODE = YES;
				CLANG_WARN__DUPLICATE_METHOD_MATCH = YES;
				COPY_PHASE_STRIP = NO;
				DEBUG_INFORMATION_FORMAT = "dwarf-with-dsym";
				ENABLE_NS_ASSERTIONS = NO;
				ENABLE_STRICT_OBJC_MSGSEND = YES;
				GCC_C_LANGUAGE_STANDARD = gnu11;
				GCC_NO_COMMON_BLOCKS = YES;
				GCC_WARN_64_TO_32_BIT_CONVERSION = YES;
				GCC_WARN_ABOUT_RETURN_TYPE = YES_ERROR;
				GCC_WARN_UNDECLARED_SELECTOR = YES;
				GCC_WARN_UNINITIALIZED_AUTOS = YES_AGGRESSIVE;
				GCC_WARN_UNUSED_FUNCTION = YES;
				GCC_WARN_UNUSED_VARIABLE = YES;
				IPHONEOS_DEPLOYMENT_TARGET = 16.2;
				MTL_ENABLE_DEBUG_INFO = NO;
				MTL_FAST_MATH = YES;
				SDKROOT = iphoneos;
				SWIFT_COMPILATION_MODE = wholemodule;
				SWIFT_OPTIMIZATION_LEVEL = "-O";
				VALIDATE_PRODUCT = YES;
			};
			name = Release;
		};
		104412CF298298F100594CCD /* Debug */ = {
			isa = XCBuildConfiguration;
			baseConfigurationReference = 56290163A864C70DD54C6D37 /* Pods-PrimeVideoDesign.debug.xcconfig */;
			buildSettings = {
				ASSETCATALOG_COMPILER_APPICON_NAME = AppIcon;
				ASSETCATALOG_COMPILER_GLOBAL_ACCENT_COLOR_NAME = AccentColor;
				CODE_SIGN_STYLE = Automatic;
				CURRENT_PROJECT_VERSION = 1;
				DEVELOPMENT_TEAM = F475N5N7V6;
				GENERATE_INFOPLIST_FILE = YES;
				INFOPLIST_FILE = PrimeVideoDesign/Info.plist;
				INFOPLIST_KEY_UIApplicationSupportsIndirectInputEvents = YES;
				INFOPLIST_KEY_UILaunchStoryboardName = LaunchScreen;
				INFOPLIST_KEY_UIMainStoryboardFile = Main;
				INFOPLIST_KEY_UISupportedInterfaceOrientations_iPad = "UIInterfaceOrientationPortrait UIInterfaceOrientationPortraitUpsideDown UIInterfaceOrientationLandscapeLeft UIInterfaceOrientationLandscapeRight";
				INFOPLIST_KEY_UISupportedInterfaceOrientations_iPhone = "UIInterfaceOrientationPortrait UIInterfaceOrientationLandscapeLeft UIInterfaceOrientationLandscapeRight";
				LD_RUNPATH_SEARCH_PATHS = (
					"$(inherited)",
					"@executable_path/Frameworks",
				);
				MARKETING_VERSION = 1.0;
				PRODUCT_BUNDLE_IDENTIFIER = com.yagizdokumaci.PrimeVideoDesign;
				PRODUCT_NAME = "$(TARGET_NAME)";
				SWIFT_EMIT_LOC_STRINGS = YES;
				SWIFT_VERSION = 5.0;
				TARGETED_DEVICE_FAMILY = "1,2";
			};
			name = Debug;
		};
		104412D0298298F100594CCD /* Release */ = {
			isa = XCBuildConfiguration;
			baseConfigurationReference = EB7BB5C566FB7F2963D9CCF3 /* Pods-PrimeVideoDesign.release.xcconfig */;
			buildSettings = {
				ASSETCATALOG_COMPILER_APPICON_NAME = AppIcon;
				ASSETCATALOG_COMPILER_GLOBAL_ACCENT_COLOR_NAME = AccentColor;
				CODE_SIGN_STYLE = Automatic;
				CURRENT_PROJECT_VERSION = 1;
				DEVELOPMENT_TEAM = F475N5N7V6;
				GENERATE_INFOPLIST_FILE = YES;
				INFOPLIST_FILE = PrimeVideoDesign/Info.plist;
				INFOPLIST_KEY_UIApplicationSupportsIndirectInputEvents = YES;
				INFOPLIST_KEY_UILaunchStoryboardName = LaunchScreen;
				INFOPLIST_KEY_UIMainStoryboardFile = Main;
				INFOPLIST_KEY_UISupportedInterfaceOrientations_iPad = "UIInterfaceOrientationPortrait UIInterfaceOrientationPortraitUpsideDown UIInterfaceOrientationLandscapeLeft UIInterfaceOrientationLandscapeRight";
				INFOPLIST_KEY_UISupportedInterfaceOrientations_iPhone = "UIInterfaceOrientationPortrait UIInterfaceOrientationLandscapeLeft UIInterfaceOrientationLandscapeRight";
				LD_RUNPATH_SEARCH_PATHS = (
					"$(inherited)",
					"@executable_path/Frameworks",
				);
				MARKETING_VERSION = 1.0;
				PRODUCT_BUNDLE_IDENTIFIER = com.yagizdokumaci.PrimeVideoDesign;
				PRODUCT_NAME = "$(TARGET_NAME)";
				SWIFT_EMIT_LOC_STRINGS = YES;
				SWIFT_VERSION = 5.0;
				TARGETED_DEVICE_FAMILY = "1,2";
			};
			name = Release;
		};
/* End XCBuildConfiguration section */

/* Begin XCConfigurationList section */
		104412B5298298F000594CCD /* Build configuration list for PBXProject "PrimeVideoDesign" */ = {
			isa = XCConfigurationList;
			buildConfigurations = (
				104412CC298298F100594CCD /* Debug */,
				104412CD298298F100594CCD /* Release */,
			);
			defaultConfigurationIsVisible = 0;
			defaultConfigurationName = Release;
		};
		104412CE298298F100594CCD /* Build configuration list for PBXNativeTarget "PrimeVideoDesign" */ = {
			isa = XCConfigurationList;
			buildConfigurations = (
				104412CF298298F100594CCD /* Debug */,
				104412D0298298F100594CCD /* Release */,
			);
			defaultConfigurationIsVisible = 0;
			defaultConfigurationName = Release;
		};
/* End XCConfigurationList section */
	};
	rootObject = 104412B2298298F000594CCD /* Project object */;
}
